
Microsoft Visual Studio Solution File, Format Version 12.00
# Visual Studio Version 17
VisualStudioVersion = 17.9.34728.123
MinimumVisualStudioVersion = 10.0.40219.1
Project("{FAE04EC0-301F-11D3-BF4B-00C04F79EFBC}") = "01.10", "01.10.csproj", "{7DDB532C-CCBF-4FBC-804A-2DAB1AD61FAC}"
EndProject
Global
	GlobalSection(SolutionConfigurationPlatforms) = preSolution
		Debug|Any CPU = Debug|Any CPU
		Release|Any CPU = Release|Any CPU
	EndGlobalSection
	GlobalSection(ProjectConfigurationPlatforms) = postSolution
		{7DDB532C-CCBF-4FBC-804A-2DAB1AD61FAC}.Debug|Any CPU.ActiveCfg = Debug|Any CPU
		{7DDB532C-CCBF-4FBC-804A-2DAB1AD61FAC}.Debug|Any CPU.Build.0 = Debug|Any CPU
		{7DDB532C-CCBF-4FBC-804A-2DAB1AD61FAC}.Release|Any CPU.ActiveCfg = Release|Any CPU
		{7DDB532C-CCBF-4FBC-804A-2DAB1AD61FAC}.Release|Any CPU.Build.0 = Release|Any CPU
	EndGlobalSection
	GlobalSection(SolutionProperties) = preSolution
		HideSolutionNode = FALSE
	EndGlobalSection
	GlobalSection(ExtensibilityGlobals) = postSolution
		SolutionGuid = {C4473B03-7024-4BBC-8677-B4AAF124631B}
	EndGlobalSection
EndGlobal
